<?xml version="1.0" encoding="utf-8"?>
<Project ToolsVersion="4.0" xmlns="http://schemas.microsoft.com/developer/msbuild/2003">
  <ItemGroup>
    <ClInclude Include="dll_header.h">
      <Filter>Header Files</Filter>
    </ClInclude>
    <ClInclude Include="typedefine.h">
      <Filter>Header Files</Filter>
    </ClInclude>
    <ClInclude Include="win_lib_link.h">
      <Filter>Header Files</Filter>
    </ClInclude>
  </ItemGroup>
  <ItemGroup>
    <Filter Include="Header Files">
      <UniqueIdentifier>{b4627a63-4c6c-4491-b5e7-793e1af532c6}</UniqueIdentifier>
    </Filter>
    <Filter Include="Source Files">
      <UniqueIdentifier>{2308df50-3722-4c34-953b-063843ec168a}</UniqueIdentifier>
    </Filter>
  </ItemGroup>
  <ItemGroup>
    <ClCompile Include="implementation.cpp">
      <Filter>Source Files</Filter>
    </ClCompile>
  </ItemGroup>
</Project>